{
    "_meta": {
        "hash": {
            "sha256": "e1ecb9a54b191717f35a48ed5b0e93de32876e6e50839442404c6e55fe5a6b7a"
        },
        "pipfile-spec": 6,
        "requires": {
            "python_version": "3.5"
        },
        "sources": [
            {
                "name": "pypi",
                "url": "https://pypi.org/simple",
                "verify_ssl": true
            }
        ]
    },
    "default": {
        "gunicorn": {
            "hashes": [
                "sha256:aa8e0b40b4157b36a5df5e599f45c9c76d6af43845ba3b3b0efe2c70473c2471",
                "sha256:fa2662097c66f920f53f70621c6c58ca4a3c4d3434205e608e121b5b3b71f4f3"
            ],
            "index": "pypi",
            "version": "==19.9.0"
        },
        "whitenoise": {
            "hashes": [
                "sha256:1e206c5adfb849942ddd057e599ac472ec1a85d56ae78a5ba24f243ea46a89c5",
                "sha256:a6f86b011675b9730f69fd69d4f54c5697d6c7a90ab06f83f784d243d9fccc02"
            ],
            "index": "pypi",
            "version": "==4.0"
        }
    },
    "develop": {}
}
